
Microsoft Visual Studio Solution File, Format Version 12.00
# Visual Studio 15
VisualStudioVersion = 15.0.27130.2024
MinimumVisualStudioVersion = 10.0.40219.1
Project("{FAE04EC0-301F-11D3-BF4B-00C04F79EFBC}") = "Enigma Machine", "Enigma Machine\Enigma Machine.csproj", "{1BFBB6BD-285E-43CC-A02F-AA5F6F95ADF9}"
EndProject
Global
	GlobalSection(SolutionConfigurationPlatforms) = preSolution
		Debug|Any CPU = Debug|Any CPU
		Release|Any CPU = Release|Any CPU
	EndGlobalSection
	GlobalSection(ProjectConfigurationPlatforms) = postSolution
		{1BFBB6BD-285E-43CC-A02F-AA5F6F95ADF9}.Debug|Any CPU.ActiveCfg = Debug|Any CPU
		{1BFBB6BD-285E-43CC-A02F-AA5F6F95ADF9}.Debug|Any CPU.Build.0 = Debug|Any CPU
		{1BFBB6BD-285E-43CC-A02F-AA5F6F95ADF9}.Release|Any CPU.ActiveCfg = Release|Any CPU
		{1BFBB6BD-285E-43CC-A02F-AA5F6F95ADF9}.Release|Any CPU.Build.0 = Release|Any CPU
	EndGlobalSection
	GlobalSection(SolutionProperties) = preSolution
		HideSolutionNode = FALSE
	EndGlobalSection
	GlobalSection(ExtensibilityGlobals) = postSolution
		SolutionGuid = {0864D7B6-30B6-4F7D-8B15-14D42118AA64}
	EndGlobalSection
EndGlobal
